{
  "name": "daria",
  "version": "1.0.0",
  "lockfileVersion": 1,
  "requires": true,
  "dependencies": {
    "@daria-chizh/ajs": {
      "version": "1.0.0",
      "resolved": "https://npm.pkg.github.com/download/@daria-chizh/ajs/1.0.0/a02219fe97add00aacd00c9aae21e4c66b8f36c4cbaf00f2f8dcc2f8d0259c83",
      "integrity": "sha512-ZhtvzD7yXAOPTJG5M+SWi41eDsbUu5xiPwd6Ou5kUJTrAHlm6fA6aKcxE9KtLTAXHTttxs41Bm1OK1cN/eEVqg=="
    }
  }
}
